
Microsoft Visual Studio Solution File, Format Version 12.00
# Visual Studio 15
VisualStudioVersion = 15.0.28307.2092
MinimumVisualStudioVersion = 10.0.40219.1
Project("{8BC9CEB8-8B4A-11D0-8D11-00A0C91BC942}") = "Project23", "Project23\Project23.vcxproj", "{862213FF-55B5-4B51-A630-D959FFE1A119}"
EndProject
Global
	GlobalSection(SolutionConfigurationPlatforms) = preSolution
		Debug|x64 = Debug|x64
		Debug|x86 = Debug|x86
		Release|x64 = Release|x64
		Release|x86 = Release|x86
	EndGlobalSection
	GlobalSection(ProjectConfigurationPlatforms) = postSolution
		{862213FF-55B5-4B51-A630-D959FFE1A119}.Debug|x64.ActiveCfg = Debug|x64
		{862213FF-55B5-4B51-A630-D959FFE1A119}.Debug|x64.Build.0 = Debug|x64
		{862213FF-55B5-4B51-A630-D959FFE1A119}.Debug|x86.ActiveCfg = Debug|Win32
		{862213FF-55B5-4B51-A630-D959FFE1A119}.Debug|x86.Build.0 = Debug|Win32
		{862213FF-55B5-4B51-A630-D959FFE1A119}.Release|x64.ActiveCfg = Release|x64
		{862213FF-55B5-4B51-A630-D959FFE1A119}.Release|x64.Build.0 = Release|x64
		{862213FF-55B5-4B51-A630-D959FFE1A119}.Release|x86.ActiveCfg = Release|Win32
		{862213FF-55B5-4B51-A630-D959FFE1A119}.Release|x86.Build.0 = Release|Win32
	EndGlobalSection
	GlobalSection(SolutionProperties) = preSolution
		HideSolutionNode = FALSE
	EndGlobalSection
	GlobalSection(ExtensibilityGlobals) = postSolution
		SolutionGuid = {403054DA-27C8-4E87-AA95-B40D18336895}
	EndGlobalSection
EndGlobal
