
Microsoft Visual Studio Solution File, Format Version 12.00
# Visual Studio 15
VisualStudioVersion = 15.0.28307.2092
MinimumVisualStudioVersion = 10.0.40219.1
Project("{8BC9CEB8-8B4A-11D0-8D11-00A0C91BC942}") = "Project16", "Project16\Project16.vcxproj", "{5DDEC41A-30D0-494B-A798-1DC1A50331CD}"
EndProject
Global
	GlobalSection(SolutionConfigurationPlatforms) = preSolution
		Debug|x64 = Debug|x64
		Debug|x86 = Debug|x86
		Release|x64 = Release|x64
		Release|x86 = Release|x86
	EndGlobalSection
	GlobalSection(ProjectConfigurationPlatforms) = postSolution
		{5DDEC41A-30D0-494B-A798-1DC1A50331CD}.Debug|x64.ActiveCfg = Debug|x64
		{5DDEC41A-30D0-494B-A798-1DC1A50331CD}.Debug|x64.Build.0 = Debug|x64
		{5DDEC41A-30D0-494B-A798-1DC1A50331CD}.Debug|x86.ActiveCfg = Debug|Win32
		{5DDEC41A-30D0-494B-A798-1DC1A50331CD}.Debug|x86.Build.0 = Debug|Win32
		{5DDEC41A-30D0-494B-A798-1DC1A50331CD}.Release|x64.ActiveCfg = Release|x64
		{5DDEC41A-30D0-494B-A798-1DC1A50331CD}.Release|x64.Build.0 = Release|x64
		{5DDEC41A-30D0-494B-A798-1DC1A50331CD}.Release|x86.ActiveCfg = Release|Win32
		{5DDEC41A-30D0-494B-A798-1DC1A50331CD}.Release|x86.Build.0 = Release|Win32
	EndGlobalSection
	GlobalSection(SolutionProperties) = preSolution
		HideSolutionNode = FALSE
	EndGlobalSection
	GlobalSection(ExtensibilityGlobals) = postSolution
		SolutionGuid = {06BEE655-6F37-4583-B85C-4EF36343228A}
	EndGlobalSection
EndGlobal
